
Microsoft Visual Studio Solution File, Format Version 12.00
# Visual Studio Version 16
VisualStudioVersion = 16.0.30804.86
MinimumVisualStudioVersion = 10.0.40219.1
Project("{FAE04EC0-301F-11D3-BF4B-00C04F79EFBC}") = "BigSchool", "BigSchool\BigSchool.csproj", "{4D78A0F7-B0D9-4CFE-BE81-3F5E6D2EA7D8}"
EndProject
Global
	GlobalSection(SolutionConfigurationPlatforms) = preSolution
		Debug|Any CPU = Debug|Any CPU
		Release|Any CPU = Release|Any CPU
	EndGlobalSection
	GlobalSection(ProjectConfigurationPlatforms) = postSolution
		{4D78A0F7-B0D9-4CFE-BE81-3F5E6D2EA7D8}.Debug|Any CPU.ActiveCfg = Debug|Any CPU
		{4D78A0F7-B0D9-4CFE-BE81-3F5E6D2EA7D8}.Debug|Any CPU.Build.0 = Debug|Any CPU
		{4D78A0F7-B0D9-4CFE-BE81-3F5E6D2EA7D8}.Release|Any CPU.ActiveCfg = Release|Any CPU
		{4D78A0F7-B0D9-4CFE-BE81-3F5E6D2EA7D8}.Release|Any CPU.Build.0 = Release|Any CPU
	EndGlobalSection
	GlobalSection(SolutionProperties) = preSolution
		HideSolutionNode = FALSE
	EndGlobalSection
	GlobalSection(ExtensibilityGlobals) = postSolution
		SolutionGuid = {B6A35752-C468-4271-BA6D-5F2488F7EAFC}
	EndGlobalSection
EndGlobal
